dependencies:
- name: postgresql
  repository: https://charts.bitnami.com/bitnami
  version: 12.1.14
- name: trivy
  repository: https://aquasecurity.github.io/helm-charts
  version: 0.4.17
digest: sha256:69857ebf8b00d2201febfa8da3c73193aabb85d669b5eaf7e370267268185e19
generated: "2023-02-02T10:58:00.685888Z"
